<?xml version="1.0" encoding="utf-8"?>
<Project ToolsVersion="4.0" xmlns="http://schemas.microsoft.com/developer/msbuild/2003">
  <ItemGroup>
    <Filter Include="concurrent">
      <UniqueIdentifier>{e9f43e27-3aee-48c8-824e-46b4029ddca4}</UniqueIdentifier>
    </Filter>
  </ItemGroup>
  <ItemGroup>
    <ClInclude Include="$(MSBuildThisFileDirectory)concurrent\vacancies.hpp">
      <Filter>concurrent</Filter>
    </ClInclude>
    <ClInclude Include="$(MSBuildThisFileDirectory)defs.hpp" />
    <ClInclude Include="$(MSBuildThisFileDirectory)concurrent\queue.hpp">
      <Filter>concurrent</Filter>
    </ClInclude>
    <ClInclude Include="$(MSBuildThisFileDirectory)concurrent\spinlock.hpp">
      <Filter>concurrent</Filter>
    </ClInclude>
    <ClInclude Include="$(MSBuildThisFileDirectory)flags.hpp" />
    <ClInclude Include="$(MSBuildThisFileDirectory)concurrent\defs.hpp">
      <Filter>concurrent</Filter>
    </ClInclude>
  </ItemGroup>
</Project>